
Microsoft Visual Studio Solution File, Format Version 12.00
# Visual Studio Version 17
VisualStudioVersion = 17.0.32126.317
MinimumVisualStudioVersion = 10.0.40219.1
Project("{FAE04EC0-301F-11D3-BF4B-00C04F79EFBC}") = "Lab4", "Lab4.csproj", "{DBD6A68C-D09F-41B6-B6E8-0250D57EF99D}"
EndProject
Global
	GlobalSection(SolutionConfigurationPlatforms) = preSolution
		Debug|Any CPU = Debug|Any CPU
		Release|Any CPU = Release|Any CPU
	EndGlobalSection
	GlobalSection(ProjectConfigurationPlatforms) = postSolution
		{DBD6A68C-D09F-41B6-B6E8-0250D57EF99D}.Debug|Any CPU.ActiveCfg = Debug|Any CPU
		{DBD6A68C-D09F-41B6-B6E8-0250D57EF99D}.Debug|Any CPU.Build.0 = Debug|Any CPU
		{DBD6A68C-D09F-41B6-B6E8-0250D57EF99D}.Release|Any CPU.ActiveCfg = Release|Any CPU
		{DBD6A68C-D09F-41B6-B6E8-0250D57EF99D}.Release|Any CPU.Build.0 = Release|Any CPU
	EndGlobalSection
	GlobalSection(SolutionProperties) = preSolution
		HideSolutionNode = FALSE
	EndGlobalSection
	GlobalSection(ExtensibilityGlobals) = postSolution
		SolutionGuid = {753C720E-39F9-450C-86B3-11C915ECEDC9}
	EndGlobalSection
EndGlobal
