
Microsoft Visual Studio Solution File, Format Version 12.00
# Visual Studio Version 17
VisualStudioVersion = 17.0.32126.317
MinimumVisualStudioVersion = 10.0.40219.1
Project("{FAE04EC0-301F-11D3-BF4B-00C04F79EFBC}") = "Lab6", "Lab6.csproj", "{66953F08-ECC7-489A-8B38-C8B64A5155FD}"
EndProject
Global
	GlobalSection(SolutionConfigurationPlatforms) = preSolution
		Debug|Any CPU = Debug|Any CPU
		Release|Any CPU = Release|Any CPU
	EndGlobalSection
	GlobalSection(ProjectConfigurationPlatforms) = postSolution
		{66953F08-ECC7-489A-8B38-C8B64A5155FD}.Debug|Any CPU.ActiveCfg = Debug|Any CPU
		{66953F08-ECC7-489A-8B38-C8B64A5155FD}.Debug|Any CPU.Build.0 = Debug|Any CPU
		{66953F08-ECC7-489A-8B38-C8B64A5155FD}.Release|Any CPU.ActiveCfg = Release|Any CPU
		{66953F08-ECC7-489A-8B38-C8B64A5155FD}.Release|Any CPU.Build.0 = Release|Any CPU
	EndGlobalSection
	GlobalSection(SolutionProperties) = preSolution
		HideSolutionNode = FALSE
	EndGlobalSection
	GlobalSection(ExtensibilityGlobals) = postSolution
		SolutionGuid = {6E82A720-666B-4004-8A26-CA450C8311B5}
	EndGlobalSection
EndGlobal
